
Microsoft Visual Studio Solution File, Format Version 12.00
# Visual Studio Version 17
VisualStudioVersion = 17.5.002.0
MinimumVisualStudioVersion = 10.0.40219.1
Project("{9A19103F-16F7-4668-BE54-9A1E7A4F7556}") = "PartialClassAndFunction", "PartialClassAndFunction.csproj", "{FC1F642B-4652-4C1F-900B-634F05441870}"
EndProject
Global
	GlobalSection(SolutionConfigurationPlatforms) = preSolution
		Debug|Any CPU = Debug|Any CPU
		Release|Any CPU = Release|Any CPU
	EndGlobalSection
	GlobalSection(ProjectConfigurationPlatforms) = postSolution
		{FC1F642B-4652-4C1F-900B-634F05441870}.Debug|Any CPU.ActiveCfg = Debug|Any CPU
		{FC1F642B-4652-4C1F-900B-634F05441870}.Debug|Any CPU.Build.0 = Debug|Any CPU
		{FC1F642B-4652-4C1F-900B-634F05441870}.Release|Any CPU.ActiveCfg = Release|Any CPU
		{FC1F642B-4652-4C1F-900B-634F05441870}.Release|Any CPU.Build.0 = Release|Any CPU
	EndGlobalSection
	GlobalSection(SolutionProperties) = preSolution
		HideSolutionNode = FALSE
	EndGlobalSection
	GlobalSection(ExtensibilityGlobals) = postSolution
		SolutionGuid = {1C1FAFD4-80D4-423E-8558-14E6567F9530}
	EndGlobalSection
EndGlobal
