
Microsoft Visual Studio Solution File, Format Version 12.00
# Visual Studio Version 17
VisualStudioVersion = 17.5.002.0
MinimumVisualStudioVersion = 10.0.40219.1
Project("{9A19103F-16F7-4668-BE54-9A1E7A4F7556}") = "MiddlewareDemo", "MiddlewareDemo.csproj", "{9E74D37C-E56B-44FE-811F-6B0ABB0DCF74}"
EndProject
Global
	GlobalSection(SolutionConfigurationPlatforms) = preSolution
		Debug|Any CPU = Debug|Any CPU
		Release|Any CPU = Release|Any CPU
	EndGlobalSection
	GlobalSection(ProjectConfigurationPlatforms) = postSolution
		{9E74D37C-E56B-44FE-811F-6B0ABB0DCF74}.Debug|Any CPU.ActiveCfg = Debug|Any CPU
		{9E74D37C-E56B-44FE-811F-6B0ABB0DCF74}.Debug|Any CPU.Build.0 = Debug|Any CPU
		{9E74D37C-E56B-44FE-811F-6B0ABB0DCF74}.Release|Any CPU.ActiveCfg = Release|Any CPU
		{9E74D37C-E56B-44FE-811F-6B0ABB0DCF74}.Release|Any CPU.Build.0 = Release|Any CPU
	EndGlobalSection
	GlobalSection(SolutionProperties) = preSolution
		HideSolutionNode = FALSE
	EndGlobalSection
	GlobalSection(ExtensibilityGlobals) = postSolution
		SolutionGuid = {477CE426-0085-4DEA-806E-1149153D55D8}
	EndGlobalSection
EndGlobal
