
Microsoft Visual Studio Solution File, Format Version 12.00
# Visual Studio Version 17
VisualStudioVersion = 17.5.002.0
MinimumVisualStudioVersion = 10.0.40219.1
Project("{9A19103F-16F7-4668-BE54-9A1E7A4F7556}") = "DataTypeBasic", "DataTypeBasic.csproj", "{1240D3E5-0386-4026-AA3B-AD5EC1AC39CA}"
EndProject
Global
	GlobalSection(SolutionConfigurationPlatforms) = preSolution
		Debug|Any CPU = Debug|Any CPU
		Release|Any CPU = Release|Any CPU
	EndGlobalSection
	GlobalSection(ProjectConfigurationPlatforms) = postSolution
		{1240D3E5-0386-4026-AA3B-AD5EC1AC39CA}.Debug|Any CPU.ActiveCfg = Debug|Any CPU
		{1240D3E5-0386-4026-AA3B-AD5EC1AC39CA}.Debug|Any CPU.Build.0 = Debug|Any CPU
		{1240D3E5-0386-4026-AA3B-AD5EC1AC39CA}.Release|Any CPU.ActiveCfg = Release|Any CPU
		{1240D3E5-0386-4026-AA3B-AD5EC1AC39CA}.Release|Any CPU.Build.0 = Release|Any CPU
	EndGlobalSection
	GlobalSection(SolutionProperties) = preSolution
		HideSolutionNode = FALSE
	EndGlobalSection
	GlobalSection(ExtensibilityGlobals) = postSolution
		SolutionGuid = {C1BA4FE5-85C2-48F1-AEB6-B3F188377FE6}
	EndGlobalSection
EndGlobal
