
Microsoft Visual Studio Solution File, Format Version 12.00
# Visual Studio Version 17
VisualStudioVersion = 17.5.002.0
MinimumVisualStudioVersion = 10.0.40219.1
Project("{9A19103F-16F7-4668-BE54-9A1E7A4F7556}") = "IEqualityComparers", "IEqualityComparers.csproj", "{5338D82F-D538-496D-BDCA-A70E38E624A1}"
EndProject
Global
	GlobalSection(SolutionConfigurationPlatforms) = preSolution
		Debug|Any CPU = Debug|Any CPU
		Release|Any CPU = Release|Any CPU
	EndGlobalSection
	GlobalSection(ProjectConfigurationPlatforms) = postSolution
		{5338D82F-D538-496D-BDCA-A70E38E624A1}.Debug|Any CPU.ActiveCfg = Debug|Any CPU
		{5338D82F-D538-496D-BDCA-A70E38E624A1}.Debug|Any CPU.Build.0 = Debug|Any CPU
		{5338D82F-D538-496D-BDCA-A70E38E624A1}.Release|Any CPU.ActiveCfg = Release|Any CPU
		{5338D82F-D538-496D-BDCA-A70E38E624A1}.Release|Any CPU.Build.0 = Release|Any CPU
	EndGlobalSection
	GlobalSection(SolutionProperties) = preSolution
		HideSolutionNode = FALSE
	EndGlobalSection
	GlobalSection(ExtensibilityGlobals) = postSolution
		SolutionGuid = {E508AECF-129C-43E8-9542-16DB744D40E5}
	EndGlobalSection
EndGlobal
