
Microsoft Visual Studio Solution File, Format Version 12.00
# Visual Studio Version 17
VisualStudioVersion = 17.5.002.0
MinimumVisualStudioVersion = 10.0.40219.1
Project("{9A19103F-16F7-4668-BE54-9A1E7A4F7556}") = "ArrayClass", "ArrayClass.csproj", "{F579AC78-4C79-483F-A283-8ABDE1D336D7}"
EndProject
Global
	GlobalSection(SolutionConfigurationPlatforms) = preSolution
		Debug|Any CPU = Debug|Any CPU
		Release|Any CPU = Release|Any CPU
	EndGlobalSection
	GlobalSection(ProjectConfigurationPlatforms) = postSolution
		{F579AC78-4C79-483F-A283-8ABDE1D336D7}.Debug|Any CPU.ActiveCfg = Debug|Any CPU
		{F579AC78-4C79-483F-A283-8ABDE1D336D7}.Debug|Any CPU.Build.0 = Debug|Any CPU
		{F579AC78-4C79-483F-A283-8ABDE1D336D7}.Release|Any CPU.ActiveCfg = Release|Any CPU
		{F579AC78-4C79-483F-A283-8ABDE1D336D7}.Release|Any CPU.Build.0 = Release|Any CPU
	EndGlobalSection
	GlobalSection(SolutionProperties) = preSolution
		HideSolutionNode = FALSE
	EndGlobalSection
	GlobalSection(ExtensibilityGlobals) = postSolution
		SolutionGuid = {924C78A7-AEB0-44A7-8F59-B3F3ED625E86}
	EndGlobalSection
EndGlobal
