
Microsoft Visual Studio Solution File, Format Version 12.00
# Visual Studio Version 17
VisualStudioVersion = 17.5.002.0
MinimumVisualStudioVersion = 10.0.40219.1
Project("{9A19103F-16F7-4668-BE54-9A1E7A4F7556}") = "MovieStar.Tests", "MovieStar.Tests.csproj", "{C07152A1-46D8-4015-A1F7-C05B5B3E2C12}"
EndProject
Global
	GlobalSection(SolutionConfigurationPlatforms) = preSolution
		Debug|Any CPU = Debug|Any CPU
		Release|Any CPU = Release|Any CPU
	EndGlobalSection
	GlobalSection(ProjectConfigurationPlatforms) = postSolution
		{C07152A1-46D8-4015-A1F7-C05B5B3E2C12}.Debug|Any CPU.ActiveCfg = Debug|Any CPU
		{C07152A1-46D8-4015-A1F7-C05B5B3E2C12}.Debug|Any CPU.Build.0 = Debug|Any CPU
		{C07152A1-46D8-4015-A1F7-C05B5B3E2C12}.Release|Any CPU.ActiveCfg = Release|Any CPU
		{C07152A1-46D8-4015-A1F7-C05B5B3E2C12}.Release|Any CPU.Build.0 = Release|Any CPU
	EndGlobalSection
	GlobalSection(SolutionProperties) = preSolution
		HideSolutionNode = FALSE
	EndGlobalSection
	GlobalSection(ExtensibilityGlobals) = postSolution
		SolutionGuid = {20A414F1-C49A-493C-B9B5-6CB717C31E2B}
	EndGlobalSection
EndGlobal
