
Microsoft Visual Studio Solution File, Format Version 12.00
# Visual Studio Version 17
VisualStudioVersion = 17.5.002.0
MinimumVisualStudioVersion = 10.0.40219.1
Project("{9A19103F-16F7-4668-BE54-9A1E7A4F7556}") = "Inheritance", "Inheritance.csproj", "{C7AFE5C4-92B3-42AF-A6A7-20C90E1F5765}"
EndProject
Global
	GlobalSection(SolutionConfigurationPlatforms) = preSolution
		Debug|Any CPU = Debug|Any CPU
		Release|Any CPU = Release|Any CPU
	EndGlobalSection
	GlobalSection(ProjectConfigurationPlatforms) = postSolution
		{C7AFE5C4-92B3-42AF-A6A7-20C90E1F5765}.Debug|Any CPU.ActiveCfg = Debug|Any CPU
		{C7AFE5C4-92B3-42AF-A6A7-20C90E1F5765}.Debug|Any CPU.Build.0 = Debug|Any CPU
		{C7AFE5C4-92B3-42AF-A6A7-20C90E1F5765}.Release|Any CPU.ActiveCfg = Release|Any CPU
		{C7AFE5C4-92B3-42AF-A6A7-20C90E1F5765}.Release|Any CPU.Build.0 = Release|Any CPU
	EndGlobalSection
	GlobalSection(SolutionProperties) = preSolution
		HideSolutionNode = FALSE
	EndGlobalSection
	GlobalSection(ExtensibilityGlobals) = postSolution
		SolutionGuid = {FD166217-B1EA-4144-B97A-9BAE8BC6965A}
	EndGlobalSection
EndGlobal
